
Microsoft Visual Studio Solution File, Format Version 12.00
# Visual Studio Version 17
VisualStudioVersion = 17.5.002.0
MinimumVisualStudioVersion = 10.0.40219.1
Project("{9A19103F-16F7-4668-BE54-9A1E7A4F7556}") = "guessinggame", "guessinggame\guessinggame.csproj", "{12DA12FF-C34B-4780-B392-5AEA729E94A6}"
EndProject
Global
	GlobalSection(SolutionConfigurationPlatforms) = preSolution
		Debug|Any CPU = Debug|Any CPU
		Release|Any CPU = Release|Any CPU
	EndGlobalSection
	GlobalSection(ProjectConfigurationPlatforms) = postSolution
		{12DA12FF-C34B-4780-B392-5AEA729E94A6}.Debug|Any CPU.ActiveCfg = Debug|Any CPU
		{12DA12FF-C34B-4780-B392-5AEA729E94A6}.Debug|Any CPU.Build.0 = Debug|Any CPU
		{12DA12FF-C34B-4780-B392-5AEA729E94A6}.Release|Any CPU.ActiveCfg = Release|Any CPU
		{12DA12FF-C34B-4780-B392-5AEA729E94A6}.Release|Any CPU.Build.0 = Release|Any CPU
	EndGlobalSection
	GlobalSection(SolutionProperties) = preSolution
		HideSolutionNode = FALSE
	EndGlobalSection
	GlobalSection(ExtensibilityGlobals) = postSolution
		SolutionGuid = {12AC3F44-584F-45C3-AD7E-F3B4D3C0DA6D}
	EndGlobalSection
EndGlobal
